<?xml version="1.0" encoding="utf-8"?>
<Project ToolsVersion="4.0" xmlns="http://schemas.microsoft.com/developer/msbuild/2003">
  <ItemGroup>
    <Filter Include="헤더 파일">
      <UniqueIdentifier>{93995380-89BD-4b04-88EB-625FBE52EBFB}</UniqueIdentifier>
      <Extensions>h;hh;hpp;hxx;hm;inl;inc;xsd</Extensions>
    </Filter>
    <Filter Include="소스 파일">
      <UniqueIdentifier>{4FC737F1-C7A5-4376-A066-2A32D752A2FF}</UniqueIdentifier>
      <Extensions>cpp;c;cc;cxx;def;odl;idl;hpj;bat;asm;asmx</Extensions>
    </Filter>
    <Filter Include="소스 파일\ImGui">
      <UniqueIdentifier>{902a2ff6-5b42-4a80-8c8a-11d470d14cf0}</UniqueIdentifier>
    </Filter>
    <Filter Include="소스 파일\리소스 파일">
      <UniqueIdentifier>{67DA6AB6-F800-4c08-8B7A-83BB121AAD01}</UniqueIdentifier>
      <Extensions>rc;ico;cur;bmp;dlg;rc2;rct;bin;rgs;gif;jpg;jpeg;jpe;resx;tiff;tif;png;wav;mfcribbon-ms</Extensions>
    </Filter>
    <Filter Include="asset">
      <UniqueIdentifier>{5cc87c52-07a9-4112-8aae-885e674878f6}</UniqueIdentifier>
    </Filter>
  </ItemGroup>
  <ItemGroup>
    <ClCompile Include="EgForm.cpp">
      <Filter>소스 파일</Filter>
    </ClCompile>
    <ClCompile Include="imgui.cpp">
      <Filter>소스 파일\ImGui</Filter>
    </ClCompile>
    <ClCompile Include="imgui_draw.cpp">
      <Filter>소스 파일\ImGui</Filter>
    </ClCompile>
    <ClCompile Include="imgui_impl_glut.cpp">
      <Filter>소스 파일\ImGui</Filter>
    </ClCompile>
    <ClCompile Include="imgui_impl_opengl2.cpp">
      <Filter>소스 파일\ImGui</Filter>
    </ClCompile>
    <ClCompile Include="imgui_widgets.cpp">
      <Filter>소스 파일\ImGui</Filter>
    </ClCompile>
    <ClCompile Include="ImGuiFileDialog.cpp">
      <Filter>소스 파일\ImGui</Filter>
    </ClCompile>
    <ClCompile Include="imgui_demo.cpp">
      <Filter>소스 파일\ImGui</Filter>
    </ClCompile>
    <ClCompile Include="stdafx.cpp">
      <Filter>소스 파일</Filter>
    </ClCompile>
    <ClCompile Include="Menu_Analyze.cpp">
      <Filter>소스 파일</Filter>
    </ClCompile>
    <ClCompile Include="Menu_Delete.cpp">
      <Filter>소스 파일</Filter>
    </ClCompile>
    <ClCompile Include="Menu_Display.cpp">
      <Filter>소스 파일</Filter>
    </ClCompile>
    <ClCompile Include="Menu_Edit.cpp">
      <Filter>소스 파일</Filter>
    </ClCompile>
    <ClCompile Include="Menu_File.cpp">
      <Filter>소스 파일</Filter>
    </ClCompile>
    <ClCompile Include="Menu_Help.cpp">
      <Filter>소스 파일</Filter>
    </ClCompile>
    <ClCompile Include="Menu_Popup.cpp">
      <Filter>소스 파일</Filter>
    </ClCompile>
    <ClCompile Include="Menu_Select.cpp">
      <Filter>소스 파일</Filter>
    </ClCompile>
    <ClCompile Include="Menu_Tool.cpp">
      <Filter>소스 파일</Filter>
    </ClCompile>
    <ClCompile Include="GL_Callback.cpp">
      <Filter>소스 파일</Filter>
    </ClCompile>
    <ClCompile Include="Menu_Hw.cpp">
      <Filter>소스 파일</Filter>
    </ClCompile>
    <ClCompile Include="egtools_decimator.cpp">
      <Filter>소스 파일</Filter>
    </ClCompile>
    <ClCompile Include="glm.cpp">
      <Filter>소스 파일</Filter>
    </ClCompile>
    <ClCompile Include="mtxlib.cpp">
      <Filter>소스 파일</Filter>
    </ClCompile>
    <ClCompile Include="trackball.cpp">
      <Filter>소스 파일</Filter>
    </ClCompile>
  </ItemGroup>
  <ItemGroup>
    <ClInclude Include="EgForm.h">
      <Filter>헤더 파일</Filter>
    </ClInclude>
    <ClInclude Include="ImGuiFileDialog.h">
      <Filter>소스 파일\ImGui</Filter>
    </ClInclude>
    <ClInclude Include="stdafx.h">
      <Filter>헤더 파일</Filter>
    </ClInclude>
    <ClInclude Include="..\usr\include\EgMath\egmath.h">
      <Filter>헤더 파일</Filter>
    </ClInclude>
    <ClInclude Include="..\usr\include\EgMesh\egmesh.h">
      <Filter>헤더 파일</Filter>
    </ClInclude>
    <ClInclude Include="..\usr\include\EgScene\egscene.h">
      <Filter>헤더 파일</Filter>
    </ClInclude>
    <ClInclude Include="..\usr\include\EgMesh\egmesh_core.h">
      <Filter>헤더 파일</Filter>
    </ClInclude>
    <ClInclude Include="egtools_decimator.h">
      <Filter>헤더 파일</Filter>
    </ClInclude>
    <ClInclude Include="glm.h">
      <Filter>헤더 파일</Filter>
    </ClInclude>
    <ClInclude Include="mtxlib.h">
      <Filter>헤더 파일</Filter>
    </ClInclude>
    <ClInclude Include="trackball.h">
      <Filter>헤더 파일</Filter>
    </ClInclude>
    <ClInclude Include="..\..\IconsMaterialDesign.h">
      <Filter>헤더 파일</Filter>
    </ClInclude>
  </ItemGroup>
  <ItemGroup>
    <Font Include="asset\Cousine-Regular.ttf">
      <Filter>asset</Filter>
    </Font>
    <Font Include="asset\DroidSans.ttf">
      <Filter>asset</Filter>
    </Font>
    <Font Include="asset\fa-regular-400.ttf">
      <Filter>asset</Filter>
    </Font>
    <Font Include="asset\fa-solid-900.ttf">
      <Filter>asset</Filter>
    </Font>
    <Font Include="asset\Karla-Regular.ttf">
      <Filter>asset</Filter>
    </Font>
    <Font Include="asset\MaterialIcons-Regular.ttf">
      <Filter>asset</Filter>
    </Font>
    <Font Include="asset\ProggyClean.ttf">
      <Filter>asset</Filter>
    </Font>
    <Font Include="asset\ProggyTiny.ttf">
      <Filter>asset</Filter>
    </Font>
    <Font Include="asset\Roboto-Medium.ttf">
      <Filter>asset</Filter>
    </Font>
  </ItemGroup>
</Project>